// !$*UTF8*$!
{
	archiveVersion = 1;
	classes = {
	};
	objectVersion = 46;
	objects = {

/* Begin PBXBuildFile section */
		01B546081A7FC09C005A9EA3 /* main.c in Sources */ = {isa = PBXBuildFile; fileRef = 01B546071A7FC09C005A9EA3 /* main.c */; };
		01B546101A7FC4B4005A9EA3 /* PrintNumber.c in Sources */ = {isa = PBXBuildFile; fileRef = 01B5460E1A7FC4B4005A9EA3 /* PrintNumber.c */; };
		01B546131A7FCD8E005A9EA3 /* Factorial.c in Sources */ = {isa = PBXBuildFile; fileRef = 01B546111A7FCD8E005A9EA3 /* Factorial.c */; };
		01B546161A7FD138005A9EA3 /* StructExercise.c in Sources */ = {isa = PBXBuildFile; fileRef = 01B546141A7FD138005A9EA3 /* StructExercise.c */; };
		01FACFB41A7FEE7900198FBB /* ArrayCopy.c in Sources */ = {isa = PBXBuildFile; fileRef = 01FACFB21A7FEE7900198FBB /* ArrayCopy.c */; };
/* End PBXBuildFile section */

/* Begin PBXCopyFilesBuildPhase section */
		01B546021A7FC09C005A9EA3 /* CopyFiles */ = {
			isa = PBXCopyFilesBuildPhase;
			buildActionMask = 2147483647;
			dstPath = /usr/share/man/man1/;
			dstSubfolderSpec = 0;
			files = (
			);
			runOnlyForDeploymentPostprocessing = 1;
		};
/* End PBXCopyFilesBuildPhase section */

/* Begin PBXFileReference section */
		01B546041A7FC09C005A9EA3 /* CExamples */ = {isa = PBXFileReference; explicitFileType = "compiled.mach-o.executable"; includeInIndex = 0; path = CExamples; sourceTree = BUILT_PRODUCTS_DIR; };
		01B546071A7FC09C005A9EA3 /* main.c */ = {isa = PBXFileReference; lastKnownFileType = sourcecode.c.c; path = main.c; sourceTree = "<group>"; };
		01B5460E1A7FC4B4005A9EA3 /* PrintNumber.c */ = {isa = PBXFileReference; fileEncoding = 4; lastKnownFileType = sourcecode.c.c; path = PrintNumber.c; sourceTree = "<group>"; };
		01B5460F1A7FC4B4005A9EA3 /* PrintNumber.h */ = {isa = PBXFileReference; fileEncoding = 4; lastKnownFileType = sourcecode.c.h; path = PrintNumber.h; sourceTree = "<group>"; };
		01B546111A7FCD8E005A9EA3 /* Factorial.c */ = {isa = PBXFileReference; fileEncoding = 4; lastKnownFileType = sourcecode.c.c; path = Factorial.c; sourceTree = "<group>"; };
		01B546121A7FCD8E005A9EA3 /* Factorial.h */ = {isa = PBXFileReference; fileEncoding = 4; lastKnownFileType = sourcecode.c.h; path = Factorial.h; sourceTree = "<group>"; };
		01B546141A7FD138005A9EA3 /* StructExercise.c */ = {isa = PBXFileReference; fileEncoding = 4; lastKnownFileType = sourcecode.c.c; path = StructExercise.c; sourceTree = "<group>"; };
		01B546151A7FD138005A9EA3 /* StructExercise.h */ = {isa = PBXFileReference; fileEncoding = 4; lastKnownFileType = sourcecode.c.h; path = StructExercise.h; sourceTree = "<group>"; };
		01FACFB21A7FEE7900198FBB /* ArrayCopy.c */ = {isa = PBXFileReference; fileEncoding = 4; lastKnownFileType = sourcecode.c.c; path = ArrayCopy.c; sourceTree = "<group>"; };
		01FACFB31A7FEE7900198FBB /* ArrayCopy.h */ = {isa = PBXFileReference; fileEncoding = 4; lastKnownFileType = sourcecode.c.h; path = ArrayCopy.h; sourceTree = "<group>"; };
/* End PBXFileReference section */

/* Begin PBXFrameworksBuildPhase section */
		01B546011A7FC09C005A9EA3 /* Frameworks */ = {
			isa = PBXFrameworksBuildPhase;
			buildActionMask = 2147483647;
			files = (
			);
			runOnlyForDeploymentPostprocessing = 0;
		};
/* End PBXFrameworksBuildPhase section */

/* Begin PBXGroup section */
		01B545FB1A7FC09C005A9EA3 = {
			isa = PBXGroup;
			children = (
				01B546061A7FC09C005A9EA3 /* CExamples */,
				01B546051A7FC09C005A9EA3 /* Products */,
			);
			sourceTree = "<group>";
		};
		01B546051A7FC09C005A9EA3 /* Products */ = {
			isa = PBXGroup;
			children = (
				01B546041A7FC09C005A9EA3 /* CExamples */,
			);
			name = Products;
			sourceTree = "<group>";
		};
		01B546061A7FC09C005A9EA3 /* CExamples */ = {
			isa = PBXGroup;
			children = (
				01B546071A7FC09C005A9EA3 /* main.c */,
				01B5460E1A7FC4B4005A9EA3 /* PrintNumber.c */,
				01B5460F1A7FC4B4005A9EA3 /* PrintNumber.h */,
				01B546111A7FCD8E005A9EA3 /* Factorial.c */,
				01B546121A7FCD8E005A9EA3 /* Factorial.h */,
				01B546141A7FD138005A9EA3 /* StructExercise.c */,
				01B546151A7FD138005A9EA3 /* StructExercise.h */,
				01FACFB21A7FEE7900198FBB /* ArrayCopy.c */,
				01FACFB31A7FEE7900198FBB /* ArrayCopy.h */,
			);
			path = CExamples;
			sourceTree = "<group>";
		};
/* End PBXGroup section */

/* Begin PBXNativeTarget section */
		01B546031A7FC09C005A9EA3 /* CExamples */ = {
			isa = PBXNativeTarget;
			buildConfigurationList = 01B5460B1A7FC09C005A9EA3 /* Build configuration list for PBXNativeTarget "CExamples" */;
			buildPhases = (
				01B546001A7FC09C005A9EA3 /* Sources */,
				01B546011A7FC09C005A9EA3 /* Frameworks */,
				01B546021A7FC09C005A9EA3 /* CopyFiles */,
			);
			buildRules = (
			);
			dependencies = (
			);
			name = CExamples;
			productName = CExamples;
			productReference = 01B546041A7FC09C005A9EA3 /* CExamples */;
			productType = "com.apple.product-type.tool";
		};
/* End PBXNativeTarget section */

/* Begin PBXProject section */
		01B545FC1A7FC09C005A9EA3 /* Project object */ = {
			isa = PBXProject;
			attributes = {
				LastUpgradeCheck = 0610;
				ORGANIZATIONNAME = "Julian Alonso";
				TargetAttributes = {
					01B546031A7FC09C005A9EA3 = {
						CreatedOnToolsVersion = 6.1.1;
					};
				};
			};
			buildConfigurationList = 01B545FF1A7FC09C005A9EA3 /* Build configuration list for PBXProject "CExamples" */;
			compatibilityVersion = "Xcode 3.2";
			developmentRegion = English;
			hasScannedForEncodings = 0;
			knownRegions = (
				en,
			);
			mainGroup = 01B545FB1A7FC09C005A9EA3;
			productRefGroup = 01B546051A7FC09C005A9EA3 /* Products */;
			projectDirPath = "";
			projectRoot = "";
			targets = (
				01B546031A7FC09C005A9EA3 /* CExamples */,
			);
		};
/* End PBXProject section */

/* Begin PBXSourcesBuildPhase section */
		01B546001A7FC09C005A9EA3 /* Sources */ = {
			isa = PBXSourcesBuildPhase;
			buildActionMask = 2147483647;
			files = (
				01B546101A7FC4B4005A9EA3 /* PrintNumber.c in Sources */,
				01B546131A7FCD8E005A9EA3 /* Factorial.c in Sources */,
				01B546161A7FD138005A9EA3 /* StructExercise.c in Sources */,
				01B546081A7FC09C005A9EA3 /* main.c in Sources */,
				01FACFB41A7FEE7900198FBB /* ArrayCopy.c in Sources */,
			);
			runOnlyForDeploymentPostprocessing = 0;
		};
/* End PBXSourcesBuildPhase section */

/* Begin XCBuildConfiguration section */
		01B546091A7FC09C005A9EA3 /* Debug */ = {
			isa = XCBuildConfiguration;
			buildSettings = {
				ALWAYS_SEARCH_USER_PATHS = NO;
				CLANG_CXX_LANGUAGE_STANDARD = "gnu++0x";
				CLANG_CXX_LIBRARY = "libc++";
				CLANG_ENABLE_MODULES = YES;
				CLANG_ENABLE_OBJC_ARC = YES;
				CLANG_WARN_BOOL_CONVERSION = YES;
				CLANG_WARN_CONSTANT_CONVERSION = YES;
				CLANG_WARN_DIRECT_OBJC_ISA_USAGE = YES_ERROR;
				CLANG_WARN_EMPTY_BODY = YES;
				CLANG_WARN_ENUM_CONVERSION = YES;
				CLANG_WARN_INT_CONVERSION = YES;
				CLANG_WARN_OBJC_ROOT_CLASS = YES_ERROR;
				CLANG_WARN_UNREACHABLE_CODE = YES;
				CLANG_WARN__DUPLICATE_METHOD_MATCH = YES;
				COPY_PHASE_STRIP = NO;
				ENABLE_STRICT_OBJC_MSGSEND = YES;
				GCC_C_LANGUAGE_STANDARD = gnu99;
				GCC_DYNAMIC_NO_PIC = NO;
				GCC_OPTIMIZATION_LEVEL = 0;
				GCC_PREPROCESSOR_DEFINITIONS = (
					"DEBUG=1",
					"$(inherited)",
				);
				GCC_SYMBOLS_PRIVATE_EXTERN = NO;
				GCC_WARN_64_TO_32_BIT_CONVERSION = YES;
				GCC_WARN_ABOUT_RETURN_TYPE = YES_ERROR;
				GCC_WARN_UNDECLARED_SELECTOR = YES;
				GCC_WARN_UNINITIALIZED_AUTOS = YES_AGGRESSIVE;
				GCC_WARN_UNUSED_FUNCTION = YES;
				GCC_WARN_UNUSED_VARIABLE = YES;
				MACOSX_DEPLOYMENT_TARGET = 10.10;
				MTL_ENABLE_DEBUG_INFO = YES;
				ONLY_ACTIVE_ARCH = YES;
				SDKROOT = macosx;
			};
			name = Debug;
		};
		01B5460A1A7FC09C005A9EA3 /* Release */ = {
			isa = XCBuildConfiguration;
			buildSettings = {
				ALWAYS_SEARCH_USER_PATHS = NO;
				CLANG_CXX_LANGUAGE_STANDARD = "gnu++0x";
				CLANG_CXX_LIBRARY = "libc++";
				CLANG_ENABLE_MODULES = YES;
				CLANG_ENABLE_OBJC_ARC = YES;
				CLANG_WARN_BOOL_CONVERSION = YES;
				CLANG_WARN_CONSTANT_CONVERSION = YES;
				CLANG_WARN_DIRECT_OBJC_ISA_USAGE = YES_ERROR;
				CLANG_WARN_EMPTY_BODY = YES;
				CLANG_WARN_ENUM_CONVERSION = YES;
				CLANG_WARN_INT_CONVERSION = YES;
				CLANG_WARN_OBJC_ROOT_CLASS = YES_ERROR;
				CLANG_WARN_UNREACHABLE_CODE = YES;
				CLANG_WARN__DUPLICATE_METHOD_MATCH = YES;
				COPY_PHASE_STRIP = YES;
				DEBUG_INFORMATION_FORMAT = "dwarf-with-dsym";
				ENABLE_NS_ASSERTIONS = NO;
				ENABLE_STRICT_OBJC_MSGSEND = YES;
				GCC_C_LANGUAGE_STANDARD = gnu99;
				GCC_WARN_64_TO_32_BIT_CONVERSION = YES;
				GCC_WARN_ABOUT_RETURN_TYPE = YES_ERROR;
				GCC_WARN_UNDECLARED_SELECTOR = YES;
				GCC_WARN_UNINITIALIZED_AUTOS = YES_AGGRESSIVE;
				GCC_WARN_UNUSED_FUNCTION = YES;
				GCC_WARN_UNUSED_VARIABLE = YES;
				MACOSX_DEPLOYMENT_TARGET = 10.10;
				MTL_ENABLE_DEBUG_INFO = NO;
				SDKROOT = macosx;
			};
			name = Release;
		};
		01B5460C1A7FC09C005A9EA3 /* Debug */ = {
			isa = XCBuildConfiguration;
			buildSettings = {
				PRODUCT_NAME = "$(TARGET_NAME)";
			};
			name = Debug;
		};
		01B5460D1A7FC09C005A9EA3 /* Release */ = {
			isa = XCBuildConfiguration;
			buildSettings = {
				PRODUCT_NAME = "$(TARGET_NAME)";
			};
			name = Release;
		};
/* End XCBuildConfiguration section */

/* Begin XCConfigurationList section */
		01B545FF1A7FC09C005A9EA3 /* Build configuration list for PBXProject "CExamples" */ = {
			isa = XCConfigurationList;
			buildConfigurations = (
				01B546091A7FC09C005A9EA3 /* Debug */,
				01B5460A1A7FC09C005A9EA3 /* Release */,
			);
			defaultConfigurationIsVisible = 0;
			defaultConfigurationName = Release;
		};
		01B5460B1A7FC09C005A9EA3 /* Build configuration list for PBXNativeTarget "CExamples" */ = {
			isa = XCConfigurationList;
			buildConfigurations = (
				01B5460C1A7FC09C005A9EA3 /* Debug */,
				01B5460D1A7FC09C005A9EA3 /* Release */,
			);
			defaultConfigurationIsVisible = 0;
			defaultConfigurationName = Release;
		};
/* End XCConfigurationList section */
	};
	rootObject = 01B545FC1A7FC09C005A9EA3 /* Project object */;
}
